
Microsoft Visual Studio Solution File, Format Version 12.00
# Visual Studio Version 17
VisualStudioVersion = 17.3.32901.215
MinimumVisualStudioVersion = 10.0.40219.1
Project("{FAE04EC0-301F-11D3-BF4B-00C04F79EFBC}") = "Codewars4", "Codewars4\Codewars4.csproj", "{FF322F0B-F575-4EDC-A00C-51E63503C643}"
EndProject
Global
	GlobalSection(SolutionConfigurationPlatforms) = preSolution
		Debug|Any CPU = Debug|Any CPU
		Release|Any CPU = Release|Any CPU
	EndGlobalSection
	GlobalSection(ProjectConfigurationPlatforms) = postSolution
		{FF322F0B-F575-4EDC-A00C-51E63503C643}.Debug|Any CPU.ActiveCfg = Debug|Any CPU
		{FF322F0B-F575-4EDC-A00C-51E63503C643}.Debug|Any CPU.Build.0 = Debug|Any CPU
		{FF322F0B-F575-4EDC-A00C-51E63503C643}.Release|Any CPU.ActiveCfg = Release|Any CPU
		{FF322F0B-F575-4EDC-A00C-51E63503C643}.Release|Any CPU.Build.0 = Release|Any CPU
	EndGlobalSection
	GlobalSection(SolutionProperties) = preSolution
		HideSolutionNode = FALSE
	EndGlobalSection
	GlobalSection(ExtensibilityGlobals) = postSolution
		SolutionGuid = {5DF98F1D-6FB8-48FD-AFE5-85E50BEB66DF}
	EndGlobalSection
EndGlobal
